
Microsoft Visual Studio Solution File, Format Version 12.00
# Visual Studio Version 17
VisualStudioVersion = 17.2.32516.85
MinimumVisualStudioVersion = 10.0.40219.1
Project("{8BC9CEB8-8B4A-11D0-8D11-00A0C91BC942}") = "FifthTask", "FifthTask.vcxproj", "{363DE9C2-1A62-4EC2-919A-B336A581A7B9}"
EndProject
Global
	GlobalSection(SolutionConfigurationPlatforms) = preSolution
		Debug|x64 = Debug|x64
		Debug|x86 = Debug|x86
		Release|x64 = Release|x64
		Release|x86 = Release|x86
	EndGlobalSection
	GlobalSection(ProjectConfigurationPlatforms) = postSolution
		{363DE9C2-1A62-4EC2-919A-B336A581A7B9}.Debug|x64.ActiveCfg = Debug|x64
		{363DE9C2-1A62-4EC2-919A-B336A581A7B9}.Debug|x64.Build.0 = Debug|x64
		{363DE9C2-1A62-4EC2-919A-B336A581A7B9}.Debug|x86.ActiveCfg = Debug|Win32
		{363DE9C2-1A62-4EC2-919A-B336A581A7B9}.Debug|x86.Build.0 = Debug|Win32
		{363DE9C2-1A62-4EC2-919A-B336A581A7B9}.Release|x64.ActiveCfg = Release|x64
		{363DE9C2-1A62-4EC2-919A-B336A581A7B9}.Release|x64.Build.0 = Release|x64
		{363DE9C2-1A62-4EC2-919A-B336A581A7B9}.Release|x86.ActiveCfg = Release|Win32
		{363DE9C2-1A62-4EC2-919A-B336A581A7B9}.Release|x86.Build.0 = Release|Win32
	EndGlobalSection
	GlobalSection(SolutionProperties) = preSolution
		HideSolutionNode = FALSE
	EndGlobalSection
	GlobalSection(ExtensibilityGlobals) = postSolution
		SolutionGuid = {8F76361B-7E59-40FD-8BB5-BAC5388896DB}
	EndGlobalSection
EndGlobal
